schema: '2.0'
stages:
  data_ingestion:
    cmd: python src/data_ingestion.py
    deps:
    - path: data/flats.csv
      hash: md5
      md5: 58667e39ad1d58d66e77637009404d62
      size: 5726836
    - path: data/houses.csv
      hash: md5
      md5: 4681f7c5c507e4195eeba43676843863
      size: 2000313
    - path: src/data_ingestion.py
      hash: md5
      md5: 3d8301d81978bfd5c98b25663ed34937
      size: 4984
    outs:
    - path: data/raw.csv
      hash: md5
      md5: ad25a070a9d05a87f0f634bdf1c7b58b
      size: 7756444
    - path: data/test.csv
      hash: md5
      md5: a23e14eb452c491e339eb933127d5c28
      size: 1576000
    - path: data/train.csv
      hash: md5
      md5: 51891cc54864d141a10f4eaf50721f00
      size: 6180674
